
Microsoft Visual Studio Solution File, Format Version 12.00
# Visual Studio Version 16
VisualStudioVersion = 16.0.29728.190
MinimumVisualStudioVersion = 10.0.40219.1
Project("{9A19103F-16F7-4668-BE54-9A1E7A4F7556}") = "TicTacToe.WPF", "TicTacToeCore\TicTacToe.WPF.csproj", "{5862AA1C-2A36-4933-A7FD-141A73ABD479}"
EndProject
Project("{FAE04EC0-301F-11D3-BF4B-00C04F79EFBC}") = "TicTacToe.Core", "TicTacToe.Core\TicTacToe.Core.csproj", "{FDE2FE1E-3479-450C-9A2B-F998977AB4D4}"
EndProject
Global
	GlobalSection(SolutionConfigurationPlatforms) = preSolution
		Debug|Any CPU = Debug|Any CPU
		Release|Any CPU = Release|Any CPU
	EndGlobalSection
	GlobalSection(ProjectConfigurationPlatforms) = postSolution
		{5862AA1C-2A36-4933-A7FD-141A73ABD479}.Debug|Any CPU.ActiveCfg = Debug|Any CPU
		{5862AA1C-2A36-4933-A7FD-141A73ABD479}.Debug|Any CPU.Build.0 = Debug|Any CPU
		{5862AA1C-2A36-4933-A7FD-141A73ABD479}.Release|Any CPU.ActiveCfg = Release|Any CPU
		{5862AA1C-2A36-4933-A7FD-141A73ABD479}.Release|Any CPU.Build.0 = Release|Any CPU
		{FDE2FE1E-3479-450C-9A2B-F998977AB4D4}.Debug|Any CPU.ActiveCfg = Debug|Any CPU
		{FDE2FE1E-3479-450C-9A2B-F998977AB4D4}.Debug|Any CPU.Build.0 = Debug|Any CPU
		{FDE2FE1E-3479-450C-9A2B-F998977AB4D4}.Release|Any CPU.ActiveCfg = Release|Any CPU
		{FDE2FE1E-3479-450C-9A2B-F998977AB4D4}.Release|Any CPU.Build.0 = Release|Any CPU
	EndGlobalSection
	GlobalSection(SolutionProperties) = preSolution
		HideSolutionNode = FALSE
	EndGlobalSection
	GlobalSection(ExtensibilityGlobals) = postSolution
		SolutionGuid = {58638CD6-999D-4DEE-8DBD-6CF5E40754E3}
	EndGlobalSection
EndGlobal
